
Microsoft Visual Studio Solution File, Format Version 12.00
# Visual Studio Version 16
VisualStudioVersion = 16.0.31321.278
MinimumVisualStudioVersion = 10.0.40219.1
Project("{FAE04EC0-301F-11D3-BF4B-00C04F79EFBC}") = "CadastrarJogos", "CadastrarJogos\CadastrarJogos.csproj", "{9AE1F5BF-6D05-4580-9A6C-8B0D21A77025}"
EndProject
Global
	GlobalSection(SolutionConfigurationPlatforms) = preSolution
		Debug|Any CPU = Debug|Any CPU
		Release|Any CPU = Release|Any CPU
	EndGlobalSection
	GlobalSection(ProjectConfigurationPlatforms) = postSolution
		{9AE1F5BF-6D05-4580-9A6C-8B0D21A77025}.Debug|Any CPU.ActiveCfg = Debug|Any CPU
		{9AE1F5BF-6D05-4580-9A6C-8B0D21A77025}.Debug|Any CPU.Build.0 = Debug|Any CPU
		{9AE1F5BF-6D05-4580-9A6C-8B0D21A77025}.Release|Any CPU.ActiveCfg = Release|Any CPU
		{9AE1F5BF-6D05-4580-9A6C-8B0D21A77025}.Release|Any CPU.Build.0 = Release|Any CPU
	EndGlobalSection
	GlobalSection(SolutionProperties) = preSolution
		HideSolutionNode = FALSE
	EndGlobalSection
	GlobalSection(ExtensibilityGlobals) = postSolution
		SolutionGuid = {8AD13A70-275E-428B-972D-0FB33DDD4CAB}
	EndGlobalSection
EndGlobal
